Microsoft Visual Studio Solution File, Format Version 12.00
# Visual Studio Version 17
VisualStudioVersion = 17.0.31903.59
MinimumVisualStudioVersion = 10.0.40219.1
Project("{FAE04EC0-301F-11D3-BF4B-00C04F79EFBC}") = "CFIP.Indicator", "src\CFIP.Indicator\CFIP.Indicator.csproj", "{9A4C9BA6-0A12-4D2E-BD79-6D14D7A6AC21}"
EndProject
Project("{FAE04EC0-301F-11D3-BF4B-00C04F79EFBC}") = "CFIP.Contracts", "src\CFIP.Contracts\CFIP.Contracts.csproj", "{B3E7C0CB-7FA8-4BD4-9B3B-41A9D5D2A101}"
EndProject
Global
    GlobalSection(SolutionConfigurationPlatforms) = preSolution
        Debug|Any CPU = Debug|Any CPU
        Release|Any CPU = Release|Any CPU
    EndGlobalSection
    GlobalSection(ProjectConfigurationPlatforms) = postSolution
        {9A4C9BA6-0A12-4D2E-BD79-6D14D7A6AC21}.Debug|Any CPU.ActiveCfg = Debug|Any CPU
        {9A4C9BA6-0A12-4D2E-BD79-6D14D7A6AC21}.Debug|Any CPU.Build.0 = Debug|Any CPU
        {9A4C9BA6-0A12-4D2E-BD79-6D14D7A6AC21}.Release|Any CPU.ActiveCfg = Release|Any CPU
        {9A4C9BA6-0A12-4D2E-BD79-6D14D7A6AC21}.Release|Any CPU.Build.0 = Release|Any CPU
        {B3E7C0CB-7FA8-4BD4-9B3B-41A9D5D2A101}.Debug|Any CPU.ActiveCfg = Debug|Any CPU
        {B3E7C0CB-7FA8-4BD4-9B3B-41A9D5D2A101}.Debug|Any CPU.Build.0 = Debug|Any CPU
        {B3E7C0CB-7FA8-4BD4-9B3B-41A9D5D2A101}.Release|Any CPU.ActiveCfg = Release|Any CPU
        {B3E7C0CB-7FA8-4BD4-9B3B-41A9D5D2A101}.Release|Any CPU.Build.0 = Release|Any CPU
    EndGlobalSection
EndGlobal
